
Microsoft Visual Studio Solution File, Format Version 12.00
# Visual Studio Version 16
VisualStudioVersion = 16.0.31321.278
MinimumVisualStudioVersion = 10.0.40219.1
Project("{FAE04EC0-301F-11D3-BF4B-00C04F79EFBC}") = "ChallengeSuperLiga", "ChallengeSuperLiga.csproj", "{7914780B-93DC-4A2C-A516-DBDE469E76BF}"
EndProject
Project("{FAE04EC0-301F-11D3-BF4B-00C04F79EFBC}") = "Model", "Model\Model.csproj", "{B1E7F139-AFCD-46B4-BF3C-11E74148D6AD}"
EndProject
Project("{FAE04EC0-301F-11D3-BF4B-00C04F79EFBC}") = "Services", "Services\Services.csproj", "{5E7FAAEB-9C49-4A63-B133-DD5845D54718}"
EndProject
Global
	GlobalSection(SolutionConfigurationPlatforms) = preSolution
		Debug|Any CPU = Debug|Any CPU
		Release|Any CPU = Release|Any CPU
	EndGlobalSection
	GlobalSection(ProjectConfigurationPlatforms) = postSolution
		{7914780B-93DC-4A2C-A516-DBDE469E76BF}.Debug|Any CPU.ActiveCfg = Debug|Any CPU
		{7914780B-93DC-4A2C-A516-DBDE469E76BF}.Debug|Any CPU.Build.0 = Debug|Any CPU
		{7914780B-93DC-4A2C-A516-DBDE469E76BF}.Release|Any CPU.ActiveCfg = Release|Any CPU
		{7914780B-93DC-4A2C-A516-DBDE469E76BF}.Release|Any CPU.Build.0 = Release|Any CPU
		{B1E7F139-AFCD-46B4-BF3C-11E74148D6AD}.Debug|Any CPU.ActiveCfg = Debug|Any CPU
		{B1E7F139-AFCD-46B4-BF3C-11E74148D6AD}.Debug|Any CPU.Build.0 = Debug|Any CPU
		{B1E7F139-AFCD-46B4-BF3C-11E74148D6AD}.Release|Any CPU.ActiveCfg = Release|Any CPU
		{B1E7F139-AFCD-46B4-BF3C-11E74148D6AD}.Release|Any CPU.Build.0 = Release|Any CPU
		{5E7FAAEB-9C49-4A63-B133-DD5845D54718}.Debug|Any CPU.ActiveCfg = Debug|Any CPU
		{5E7FAAEB-9C49-4A63-B133-DD5845D54718}.Debug|Any CPU.Build.0 = Debug|Any CPU
		{5E7FAAEB-9C49-4A63-B133-DD5845D54718}.Release|Any CPU.ActiveCfg = Release|Any CPU
		{5E7FAAEB-9C49-4A63-B133-DD5845D54718}.Release|Any CPU.Build.0 = Release|Any CPU
	EndGlobalSection
	GlobalSection(SolutionProperties) = preSolution
		HideSolutionNode = FALSE
	EndGlobalSection
	GlobalSection(ExtensibilityGlobals) = postSolution
		SolutionGuid = {7B5D86F4-6A10-454F-BAE5-33658B23BD2F}
	EndGlobalSection
EndGlobal
